
Microsoft Visual Studio Solution File, Format Version 12.00
# Visual Studio Version 16
VisualStudioVersion = 16.0.30804.86
MinimumVisualStudioVersion = 10.0.40219.1
Project("{FAE04EC0-301F-11D3-BF4B-00C04F79EFBC}") = "6.3", "6.3\6.3.csproj", "{84002165-C960-4ABC-8146-DFF488DF2C58}"
EndProject
Global
	GlobalSection(SolutionConfigurationPlatforms) = preSolution
		Debug|Any CPU = Debug|Any CPU
		Release|Any CPU = Release|Any CPU
	EndGlobalSection
	GlobalSection(ProjectConfigurationPlatforms) = postSolution
		{84002165-C960-4ABC-8146-DFF488DF2C58}.Debug|Any CPU.ActiveCfg = Debug|Any CPU
		{84002165-C960-4ABC-8146-DFF488DF2C58}.Debug|Any CPU.Build.0 = Debug|Any CPU
		{84002165-C960-4ABC-8146-DFF488DF2C58}.Release|Any CPU.ActiveCfg = Release|Any CPU
		{84002165-C960-4ABC-8146-DFF488DF2C58}.Release|Any CPU.Build.0 = Release|Any CPU
	EndGlobalSection
	GlobalSection(SolutionProperties) = preSolution
		HideSolutionNode = FALSE
	EndGlobalSection
	GlobalSection(ExtensibilityGlobals) = postSolution
		SolutionGuid = {5CA6F4DB-805A-4833-A0A7-B8753BF8400F}
	EndGlobalSection
EndGlobal
