
Microsoft Visual Studio Solution File, Format Version 12.00
# Visual Studio Version 16
VisualStudioVersion = 16.0.30804.86
MinimumVisualStudioVersion = 10.0.40219.1
Project("{FAE04EC0-301F-11D3-BF4B-00C04F79EFBC}") = "6.Individual.14", "6.Individual.14\6.Individual.14.csproj", "{B18F8603-F4CD-46F7-AE81-9733E1D018EE}"
EndProject
Global
	GlobalSection(SolutionConfigurationPlatforms) = preSolution
		Debug|Any CPU = Debug|Any CPU
		Release|Any CPU = Release|Any CPU
	EndGlobalSection
	GlobalSection(ProjectConfigurationPlatforms) = postSolution
		{B18F8603-F4CD-46F7-AE81-9733E1D018EE}.Debug|Any CPU.ActiveCfg = Debug|Any CPU
		{B18F8603-F4CD-46F7-AE81-9733E1D018EE}.Debug|Any CPU.Build.0 = Debug|Any CPU
		{B18F8603-F4CD-46F7-AE81-9733E1D018EE}.Release|Any CPU.ActiveCfg = Release|Any CPU
		{B18F8603-F4CD-46F7-AE81-9733E1D018EE}.Release|Any CPU.Build.0 = Release|Any CPU
	EndGlobalSection
	GlobalSection(SolutionProperties) = preSolution
		HideSolutionNode = FALSE
	EndGlobalSection
	GlobalSection(ExtensibilityGlobals) = postSolution
		SolutionGuid = {0281B38E-BDEC-429F-AB30-24033AE5E946}
	EndGlobalSection
EndGlobal
